
Microsoft Visual Studio Solution File, Format Version 12.00
# Visual Studio Version 17
VisualStudioVersion = 17.8.34525.116
MinimumVisualStudioVersion = 10.0.40219.1
Project("{888888A0-9F3D-457C-B088-3A5042F75D52}") = "TP-1803-Idris_Abdi", "TP-1803-Idris_Abdi.pyproj", "{578200FA-2DFA-42CE-8C64-82CEE0AA4E0D}"
EndProject
Global
	GlobalSection(SolutionConfigurationPlatforms) = preSolution
		Debug|Any CPU = Debug|Any CPU
		Release|Any CPU = Release|Any CPU
	EndGlobalSection
	GlobalSection(ProjectConfigurationPlatforms) = postSolution
		{578200FA-2DFA-42CE-8C64-82CEE0AA4E0D}.Debug|Any CPU.ActiveCfg = Debug|Any CPU
		{578200FA-2DFA-42CE-8C64-82CEE0AA4E0D}.Release|Any CPU.ActiveCfg = Release|Any CPU
	EndGlobalSection
	GlobalSection(SolutionProperties) = preSolution
		HideSolutionNode = FALSE
	EndGlobalSection
	GlobalSection(ExtensibilityGlobals) = postSolution
		SolutionGuid = {591A44D7-9723-4E99-B635-2EE7FE2BDC65}
	EndGlobalSection
EndGlobal
